
Microsoft Visual Studio Solution File, Format Version 12.00
# Visual Studio 2015
Project("{FAE04EC0-301F-11D3-BF4B-00C04F79EFBC}") = "The Maze.Plugins", "The Maze.Plugins.csproj", "{9A1F6910-7525-8415-903A-6AF7B5C06F85}"
EndProject
Project("{FAE04EC0-301F-11D3-BF4B-00C04F79EFBC}") = "The Maze", "The Maze.csproj", "{6C7B18E7-EF30-400F-DB1C-0C068AEA763D}"
EndProject
Project("{FAE04EC0-301F-11D3-BF4B-00C04F79EFBC}") = "The Maze.Editor", "The Maze.Editor.csproj", "{C07BA994-D129-D2D0-4D11-CEB87D2E6FE4}"
EndProject
Global
	GlobalSection(SolutionConfigurationPlatforms) = preSolution
		Debug|Any CPU = Debug|Any CPU
		Release|Any CPU = Release|Any CPU
	EndGlobalSection
	GlobalSection(ProjectConfigurationPlatforms) = postSolution
		{9A1F6910-7525-8415-903A-6AF7B5C06F85}.Debug|Any CPU.ActiveCfg = Debug|Any CPU
		{9A1F6910-7525-8415-903A-6AF7B5C06F85}.Debug|Any CPU.Build.0 = Debug|Any CPU
		{9A1F6910-7525-8415-903A-6AF7B5C06F85}.Release|Any CPU.ActiveCfg = Release|Any CPU
		{9A1F6910-7525-8415-903A-6AF7B5C06F85}.Release|Any CPU.Build.0 = Release|Any CPU
		{6C7B18E7-EF30-400F-DB1C-0C068AEA763D}.Debug|Any CPU.ActiveCfg = Debug|Any CPU
		{6C7B18E7-EF30-400F-DB1C-0C068AEA763D}.Debug|Any CPU.Build.0 = Debug|Any CPU
		{6C7B18E7-EF30-400F-DB1C-0C068AEA763D}.Release|Any CPU.ActiveCfg = Release|Any CPU
		{6C7B18E7-EF30-400F-DB1C-0C068AEA763D}.Release|Any CPU.Build.0 = Release|Any CPU
		{C07BA994-D129-D2D0-4D11-CEB87D2E6FE4}.Debug|Any CPU.ActiveCfg = Debug|Any CPU
		{C07BA994-D129-D2D0-4D11-CEB87D2E6FE4}.Debug|Any CPU.Build.0 = Debug|Any CPU
		{C07BA994-D129-D2D0-4D11-CEB87D2E6FE4}.Release|Any CPU.ActiveCfg = Release|Any CPU
		{C07BA994-D129-D2D0-4D11-CEB87D2E6FE4}.Release|Any CPU.Build.0 = Release|Any CPU
	EndGlobalSection
	GlobalSection(SolutionProperties) = preSolution
		HideSolutionNode = FALSE
	EndGlobalSection
EndGlobal
